
Microsoft Visual Studio Solution File, Format Version 12.00
# Visual Studio Version 16
VisualStudioVersion = 16.0.34031.81
MinimumVisualStudioVersion = 10.0.40219.1
Project("{FAE04EC0-301F-11D3-BF4B-00C04F79EFBC}") = "It_Academy", "It_Academy\It_Academy.csproj", "{4C6F1777-ECDC-4059-A7C3-82F83CB5A51A}"
EndProject
Global
	GlobalSection(SolutionConfigurationPlatforms) = preSolution
		Debug|Any CPU = Debug|Any CPU
		Release|Any CPU = Release|Any CPU
	EndGlobalSection
	GlobalSection(ProjectConfigurationPlatforms) = postSolution
		{4C6F1777-ECDC-4059-A7C3-82F83CB5A51A}.Debug|Any CPU.ActiveCfg = Debug|Any CPU
		{4C6F1777-ECDC-4059-A7C3-82F83CB5A51A}.Debug|Any CPU.Build.0 = Debug|Any CPU
		{4C6F1777-ECDC-4059-A7C3-82F83CB5A51A}.Release|Any CPU.ActiveCfg = Release|Any CPU
		{4C6F1777-ECDC-4059-A7C3-82F83CB5A51A}.Release|Any CPU.Build.0 = Release|Any CPU
	EndGlobalSection
	GlobalSection(SolutionProperties) = preSolution
		HideSolutionNode = FALSE
	EndGlobalSection
	GlobalSection(ExtensibilityGlobals) = postSolution
		SolutionGuid = {6FD0D19C-19D6-45B1-AFFC-A5675DEA690C}
	EndGlobalSection
EndGlobal
